# THIS IS AN AUTOGENERATED FILE. DO NOT EDIT THIS FILE DIRECTLY.
# yarn lockfile v1


"@babel/parser@^7.16.4", "@babel/parser@^7.18.4":
  version "7.20.15"
  resolved "https://artifactory.fpprod.corp:443/artifactory/api/npm/virtual-node/@babel/parser/-/parser-7.20.15.tgz#eec9f36d8eaf0948bb88c87a46784b5ee9fd0c89"
  integrity sha1-7snzbY6vCUi7iMh6RnhLXun9DIk=

"@esbuild/android-arm64@0.16.17":
  version "0.16.17"
  resolved "https://artifactory.fpprod.corp:443/artifactory/api/npm/virtual-node/@esbuild/android-arm64/-/android-arm64-0.16.17.tgz#cf91e86df127aa3d141744edafcba0abdc577d23"
  integrity sha1-z5HobfEnqj0UF0Ttr8ugq9xXfSM=

"@esbuild/android-arm@0.16.17":
  version "0.16.17"
  resolved "https://artifactory.fpprod.corp:443/artifactory/api/npm/virtual-node/@esbuild/android-arm/-/android-arm-0.16.17.tgz#025b6246d3f68b7bbaa97069144fb5fb70f2fff2"
  integrity sha1-AltiRtP2i3u6qXBpFE+1+3Dy//I=

"@esbuild/android-x64@0.16.17":
  version "0.16.17"
  resolved "https://artifactory.fpprod.corp:443/artifactory/api/npm/virtual-node/@esbuild/android-x64/-/android-x64-0.16.17.tgz#c820e0fef982f99a85c4b8bfdd582835f04cd96e"
  integrity sha1-yCDg/vmC+ZqFxLi/3VgoNfBM2W4=

"@esbuild/darwin-arm64@0.16.17":
  version "0.16.17"
  resolved "https://artifactory.fpprod.corp:443/artifactory/api/npm/virtual-node/@esbuild/darwin-arm64/-/darwin-arm64-0.16.17.tgz#edef4487af6b21afabba7be5132c26d22379b220"
  integrity sha1-7e9Eh69rIa+runvlEywm0iN5siA=

"@esbuild/darwin-x64@0.16.17":
  version "0.16.17"
  resolved "https://artifactory.fpprod.corp:443/artifactory/api/npm/virtual-node/@esbuild/darwin-x64/-/darwin-x64-0.16.17.tgz#42829168730071c41ef0d028d8319eea0e2904b4"
  integrity sha1-QoKRaHMAccQe8NAo2DGe6g4pBLQ=

"@esbuild/freebsd-arm64@0.16.17":
  version "0.16.17"
  resolved "https://artifactory.fpprod.corp:443/artifactory/api/npm/virtual-node/@esbuild/freebsd-arm64/-/freebsd-arm64-0.16.17.tgz#1f4af488bfc7e9ced04207034d398e793b570a27"
  integrity sha1-H0r0iL/H6c7QQgcDTTmOeTtXCic=

"@esbuild/freebsd-x64@0.16.17":
  version "0.16.17"
  resolved "https://artifactory.fpprod.corp:443/artifactory/api/npm/virtual-node/@esbuild/freebsd-x64/-/freebsd-x64-0.16.17.tgz#636306f19e9bc981e06aa1d777302dad8fddaf72"
  integrity sha1-Y2MG8Z6byYHgaqHXdzAtrY/dr3I=

"@esbuild/linux-arm64@0.16.17":
  version "0.16.17"
  resolved "https://artifactory.fpprod.corp:443/artifactory/api/npm/virtual-node/@esbuild/linux-arm64/-/linux-arm64-0.16.17.tgz#a003f7ff237c501e095d4f3a09e58fc7b25a4aca"
  integrity sha1-oAP3/yN8UB4JXU86CeWPx7JaSso=

"@esbuild/linux-arm@0.16.17":
  version "0.16.17"
  resolved "https://artifactory.fpprod.corp:443/artifactory/api/npm/virtual-node/@esbuild/linux-arm/-/linux-arm-0.16.17.tgz#b591e6a59d9c4fe0eeadd4874b157ab78cf5f196"
  integrity sha1-tZHmpZ2cT+DurdSHSxV6t4z18ZY=

"@esbuild/linux-ia32@0.16.17":
  version "0.16.17"
  resolved "https://artifactory.fpprod.corp:443/artifactory/api/npm/virtual-node/@esbuild/linux-ia32/-/linux-ia32-0.16.17.tgz#24333a11027ef46a18f57019450a5188918e2a54"
  integrity sha1-JDM6EQJ+9GoY9XAZRQpRiJGOKlQ=

"@esbuild/linux-loong64@0.16.17":
  version "0.16.17"
  resolved "https://artifactory.fpprod.corp:443/artifactory/api/npm/virtual-node/@esbuild/linux-loong64/-/linux-loong64-0.16.17.tgz#d5ad459d41ed42bbd4d005256b31882ec52227d8"
  integrity sha1-1a1FnUHtQrvU0AUlazGILsUiJ9g=

"@esbuild/linux-mips64el@0.16.17":
  version "0.16.17"
  resolved "https://artifactory.fpprod.corp:443/artifactory/api/npm/virtual-node/@esbuild/linux-mips64el/-/linux-mips64el-0.16.17.tgz#4e5967a665c38360b0a8205594377d4dcf9c3726"
  integrity sha1-TllnpmXDg2CwqCBVlDd9Tc+cNyY=

"@esbuild/linux-ppc64@0.16.17":
  version "0.16.17"
  resolved "https://artifactory.fpprod.corp:443/artifactory/api/npm/virtual-node/@esbuild/linux-ppc64/-/linux-ppc64-0.16.17.tgz#206443a02eb568f9fdf0b438fbd47d26e735afc8"
  integrity sha1-IGRDoC61aPn98LQ4+9R9Juc1r8g=

"@esbuild/linux-riscv64@0.16.17":
  version "0.16.17"
  resolved "https://artifactory.fpprod.corp:443/artifactory/api/npm/virtual-node/@esbuild/linux-riscv64/-/linux-riscv64-0.16.17.tgz#c351e433d009bf256e798ad048152c8d76da2fc9"
  integrity sha1-w1HkM9AJvyVueYrQSBUsjXbaL8k=

"@esbuild/linux-s390x@0.16.17":
  version "0.16.17"
  resolved "https://artifactory.fpprod.corp:443/artifactory/api/npm/virtual-node/@esbuild/linux-s390x/-/linux-s390x-0.16.17.tgz#661f271e5d59615b84b6801d1c2123ad13d9bd87"
  integrity sha1-Zh8nHl1ZYVuEtoAdHCEjrRPZvYc=

"@esbuild/linux-x64@0.16.17":
  version "0.16.17"
  resolved "https://artifactory.fpprod.corp:443/artifactory/api/npm/virtual-node/@esbuild/linux-x64/-/linux-x64-0.16.17.tgz#e4ba18e8b149a89c982351443a377c723762b85f"
  integrity sha1-5LoY6LFJqJyYI1FEOjd8cjdiuF8=

"@esbuild/netbsd-x64@0.16.17":
  version "0.16.17"
  resolved "https://artifactory.fpprod.corp:443/artifactory/api/npm/virtual-node/@esbuild/netbsd-x64/-/netbsd-x64-0.16.17.tgz#7d4f4041e30c5c07dd24ffa295c73f06038ec775"
  integrity sha1-fU9AQeMMXAfdJP+ilcc/BgOOx3U=

"@esbuild/openbsd-x64@0.16.17":
  version "0.16.17"
  resolved "https://artifactory.fpprod.corp:443/artifactory/api/npm/virtual-node/@esbuild/openbsd-x64/-/openbsd-x64-0.16.17.tgz#970fa7f8470681f3e6b1db0cc421a4af8060ec35"
  integrity sha1-lw+n+EcGgfPmsdsMxCGkr4Bg7DU=

"@esbuild/sunos-x64@0.16.17":
  version "0.16.17"
  resolved "https://artifactory.fpprod.corp:443/artifactory/api/npm/virtual-node/@esbuild/sunos-x64/-/sunos-x64-0.16.17.tgz#abc60e7c4abf8b89fb7a4fe69a1484132238022c"
  integrity sha1-q8YOfEq/i4n7ek/mmhSEEyI4Aiw=

"@esbuild/win32-arm64@0.16.17":
  version "0.16.17"
  resolved "https://artifactory.fpprod.corp:443/artifactory/api/npm/virtual-node/@esbuild/win32-arm64/-/win32-arm64-0.16.17.tgz#7b0ff9e8c3265537a7a7b1fd9a24e7bd39fcd87a"
  integrity sha1-ew/56MMmVTenp7H9miTnvTn82Ho=

"@esbuild/win32-ia32@0.16.17":
  version "0.16.17"
  resolved "https://artifactory.fpprod.corp:443/artifactory/api/npm/virtual-node/@esbuild/win32-ia32/-/win32-ia32-0.16.17.tgz#e90fe5267d71a7b7567afdc403dfd198c292eb09"
  integrity sha1-6Q/lJn1xp7dWev3EA9/RmMKS6wk=

"@esbuild/win32-x64@0.16.17":
  version "0.16.17"
  resolved "https://artifactory.fpprod.corp:443/artifactory/api/npm/virtual-node/@esbuild/win32-x64/-/win32-x64-0.16.17.tgz#c5a1a4bfe1b57f0c3e61b29883525c6da3e5c091"
  integrity sha1-xaGkv+G1fww+YbKYg1JcbaPlwJE=

"@jridgewell/sourcemap-codec@^1.4.13":
  version "1.4.14"
  resolved "https://artifactory.fpprod.corp:443/artifactory/api/npm/virtual-node/@jridgewell/sourcemap-codec/-/sourcemap-codec-1.4.14.tgz#add4c98d341472a289190b424efbdb096991bb24"
  integrity sha1-rdTJjTQUcqKJGQtCTvvbCWmRuyQ=

"@originjs/vite-plugin-federation@^1.1.14":
  version "1.1.14"
  resolved "https://artifactory.fpprod.corp:443/artifactory/api/npm/virtual-node/@originjs/vite-plugin-federation/-/vite-plugin-federation-1.1.14.tgz#b02f0dce0420cf47c88f3598a4a56806c32abff3"
  integrity sha1-sC8NzgQgz0fIjzWYpKVoBsMqv/M=
  dependencies:
    estree-walker "^3.0.2"
    magic-string "^0.27.0"

"@types/estree@^1.0.0":
  version "1.0.0"
  resolved "https://artifactory.fpprod.corp:443/artifactory/api/npm/virtual-node/@types/estree/-/estree-1.0.0.tgz#5fb2e536c1ae9bf35366eed879e827fa59ca41c2"
  integrity sha1-X7LlNsGum/NTZu7Yeegn+lnKQcI=

"@vitejs/plugin-vue2@^2.2.0":
  version "2.2.0"
  resolved "https://artifactory.fpprod.corp:443/artifactory/api/npm/virtual-node/@vitejs/plugin-vue2/-/plugin-vue2-2.2.0.tgz#7453207197d6ac2b7023cedc7133b142c604c356"
  integrity sha1-dFMgcZfWrCtwI87ccTOxQsYEw1Y=

"@volar/language-core@1.0.24":
  version "1.0.24"
  resolved "https://artifactory.fpprod.corp:443/artifactory/api/npm/virtual-node/@volar/language-core/-/language-core-1.0.24.tgz#5d767571e77728464635e61af1debca944811fe0"
  integrity sha1-XXZ1ced3KEZGNeYa8d68qUSBH+A=
  dependencies:
    "@volar/source-map" "1.0.24"
    muggle-string "^0.1.0"

"@volar/source-map@1.0.24":
  version "1.0.24"
  resolved "https://artifactory.fpprod.corp:443/artifactory/api/npm/virtual-node/@volar/source-map/-/source-map-1.0.24.tgz#ad4c827fea5c26b4bf38a86d983e7deb65b1c61e"
  integrity sha1-rUyCf+pcJrS/OKhtmD5962Wxxh4=
  dependencies:
    muggle-string "^0.1.0"

"@volar/typescript@1.0.24":
  version "1.0.24"
  resolved "https://artifactory.fpprod.corp:443/artifactory/api/npm/virtual-node/@volar/typescript/-/typescript-1.0.24.tgz#f934eda9774b31abdff53efc56782cd2623723d5"
  integrity sha1-+TTtqXdLMavf9T78Vngs0mI3I9U=
  dependencies:
    "@volar/language-core" "1.0.24"

"@volar/vue-language-core@1.0.24":
  version "1.0.24"
  resolved "https://artifactory.fpprod.corp:443/artifactory/api/npm/virtual-node/@volar/vue-language-core/-/vue-language-core-1.0.24.tgz#81d180a8e09a53cb575e83acb79a31493891a1a4"
  integrity sha1-gdGAqOCaU8tXXoOst5oxSTiRoaQ=
  dependencies:
    "@volar/language-core" "1.0.24"
    "@volar/source-map" "1.0.24"
    "@vue/compiler-dom" "^3.2.45"
    "@vue/compiler-sfc" "^3.2.45"
    "@vue/reactivity" "^3.2.45"
    "@vue/shared" "^3.2.45"
    minimatch "^5.1.1"
    vue-template-compiler "^2.7.14"

"@volar/vue-typescript@1.0.24":
  version "1.0.24"
  resolved "https://artifactory.fpprod.corp:443/artifactory/api/npm/virtual-node/@volar/vue-typescript/-/vue-typescript-1.0.24.tgz#bef9b2bfb1b108c0f6cb12ec6fbf449b43fc8257"
  integrity sha1-vvmyv7GxCMD2yxLsb79Em0P8glc=
  dependencies:
    "@volar/typescript" "1.0.24"
    "@volar/vue-language-core" "1.0.24"

"@vue/compiler-core@3.2.47":
  version "3.2.47"
  resolved "https://artifactory.fpprod.corp:443/artifactory/api/npm/virtual-node/@vue/compiler-core/-/compiler-core-3.2.47.tgz#3e07c684d74897ac9aa5922c520741f3029267f8"
  integrity sha1-PgfGhNdIl6yapZIsUgdB8wKSZ/g=
  dependencies:
    "@babel/parser" "^7.16.4"
    "@vue/shared" "3.2.47"
    estree-walker "^2.0.2"
    source-map "^0.6.1"

"@vue/compiler-dom@3.2.47", "@vue/compiler-dom@^3.2.45":
  version "3.2.47"
  resolved "https://artifactory.fpprod.corp:443/artifactory/api/npm/virtual-node/@vue/compiler-dom/-/compiler-dom-3.2.47.tgz#a0b06caf7ef7056939e563dcaa9cbde30794f305"
  integrity sha1-oLBsr373BWk55WPcqpy94weU8wU=
  dependencies:
    "@vue/compiler-core" "3.2.47"
    "@vue/shared" "3.2.47"

"@vue/compiler-sfc@2.7.14":
  version "2.7.14"
  resolved "https://artifactory.fpprod.corp:443/artifactory/api/npm/virtual-node/@vue/compiler-sfc/-/compiler-sfc-2.7.14.tgz#3446fd2fbb670d709277fc3ffa88efc5e10284fd"
  integrity sha1-NEb9L7tnDXCSd/w/+ojvxeEChP0=
  dependencies:
    "@babel/parser" "^7.18.4"
    postcss "^8.4.14"
    source-map "^0.6.1"

"@vue/compiler-sfc@^3.2.45":
  version "3.2.47"
  resolved "https://artifactory.fpprod.corp:443/artifactory/api/npm/virtual-node/@vue/compiler-sfc/-/compiler-sfc-3.2.47.tgz#1bdc36f6cdc1643f72e2c397eb1a398f5004ad3d"
  integrity sha1-G9w29s3BZD9y4sOX6xo5j1AErT0=
  dependencies:
    "@babel/parser" "^7.16.4"
    "@vue/compiler-core" "3.2.47"
    "@vue/compiler-dom" "3.2.47"
    "@vue/compiler-ssr" "3.2.47"
    "@vue/reactivity-transform" "3.2.47"
    "@vue/shared" "3.2.47"
    estree-walker "^2.0.2"
    magic-string "^0.25.7"
    postcss "^8.1.10"
    source-map "^0.6.1"

"@vue/compiler-ssr@3.2.47":
  version "3.2.47"
  resolved "https://artifactory.fpprod.corp:443/artifactory/api/npm/virtual-node/@vue/compiler-ssr/-/compiler-ssr-3.2.47.tgz#35872c01a273aac4d6070ab9d8da918ab13057ee"
  integrity sha1-NYcsAaJzqsTWBwq52NqRirEwV+4=
  dependencies:
    "@vue/compiler-dom" "3.2.47"
    "@vue/shared" "3.2.47"

"@vue/reactivity-transform@3.2.47":
  version "3.2.47"
  resolved "https://artifactory.fpprod.corp:443/artifactory/api/npm/virtual-node/@vue/reactivity-transform/-/reactivity-transform-3.2.47.tgz#e45df4d06370f8abf29081a16afd25cffba6d84e"
  integrity sha1-5F300GNw+KvykIGhav0lz/um2E4=
  dependencies:
    "@babel/parser" "^7.16.4"
    "@vue/compiler-core" "3.2.47"
    "@vue/shared" "3.2.47"
    estree-walker "^2.0.2"
    magic-string "^0.25.7"

"@vue/reactivity@^3.2.45":
  version "3.2.47"
  resolved "https://artifactory.fpprod.corp:443/artifactory/api/npm/virtual-node/@vue/reactivity/-/reactivity-3.2.47.tgz#1d6399074eadfc3ed35c727e2fd707d6881140b6"
  integrity sha1-HWOZB06t/D7TXHJ+L9cH1ogRQLY=
  dependencies:
    "@vue/shared" "3.2.47"

"@vue/shared@3.2.47", "@vue/shared@^3.2.45":
  version "3.2.47"
  resolved "https://artifactory.fpprod.corp:443/artifactory/api/npm/virtual-node/@vue/shared/-/shared-3.2.47.tgz#e597ef75086c6e896ff5478a6bfc0a7aa4bbd14c"
  integrity sha1-5ZfvdQhsbolv9UeKa/wKeqS70Uw=

balanced-match@^1.0.0:
  version "1.0.2"
  resolved "https://artifactory.fpprod.corp:443/artifactory/api/npm/virtual-node/balanced-match/-/balanced-match-1.0.2.tgz#e83e3a7e3f300b34cb9d87f615fa0cbf357690ee"
  integrity sha1-6D46fj8wCzTLnYf2FfoMvzV2kO4=

brace-expansion@^2.0.1:
  version "2.0.1"
  resolved "https://artifactory.fpprod.corp:443/artifactory/api/npm/virtual-node/brace-expansion/-/brace-expansion-2.0.1.tgz#1edc459e0f0c548486ecf9fc99f2221364b9a0ae"
  integrity sha1-HtxFng8MVISG7Pn8mfIiE2S5oK4=
  dependencies:
    balanced-match "^1.0.0"

csstype@^3.1.0:
  version "3.1.1"
  resolved "https://artifactory.fpprod.corp:443/artifactory/api/npm/virtual-node/csstype/-/csstype-3.1.1.tgz#841b532c45c758ee546a11d5bd7b7b473c8c30b9"
  integrity sha1-hBtTLEXHWO5UahHVvXt7RzyMMLk=

de-indent@^1.0.2:
  version "1.0.2"
  resolved "https://artifactory.fpprod.corp:443/artifactory/api/npm/virtual-node/de-indent/-/de-indent-1.0.2.tgz#b2038e846dc33baa5796128d0804b455b8c1e21d"
  integrity sha1-sgOOhG3DO6pXlhKNCAS0VbjB4h0=

esbuild@^0.16.14:
  version "0.16.17"
  resolved "https://artifactory.fpprod.corp:443/artifactory/api/npm/virtual-node/esbuild/-/esbuild-0.16.17.tgz#fc2c3914c57ee750635fee71b89f615f25065259"
  integrity sha1-/Cw5FMV+51BjX+5xuJ9hXyUGUlk=
  optionalDependencies:
    "@esbuild/android-arm" "0.16.17"
    "@esbuild/android-arm64" "0.16.17"
    "@esbuild/android-x64" "0.16.17"
    "@esbuild/darwin-arm64" "0.16.17"
    "@esbuild/darwin-x64" "0.16.17"
    "@esbuild/freebsd-arm64" "0.16.17"
    "@esbuild/freebsd-x64" "0.16.17"
    "@esbuild/linux-arm" "0.16.17"
    "@esbuild/linux-arm64" "0.16.17"
    "@esbuild/linux-ia32" "0.16.17"
    "@esbuild/linux-loong64" "0.16.17"
    "@esbuild/linux-mips64el" "0.16.17"
    "@esbuild/linux-ppc64" "0.16.17"
    "@esbuild/linux-riscv64" "0.16.17"
    "@esbuild/linux-s390x" "0.16.17"
    "@esbuild/linux-x64" "0.16.17"
    "@esbuild/netbsd-x64" "0.16.17"
    "@esbuild/openbsd-x64" "0.16.17"
    "@esbuild/sunos-x64" "0.16.17"
    "@esbuild/win32-arm64" "0.16.17"
    "@esbuild/win32-ia32" "0.16.17"
    "@esbuild/win32-x64" "0.16.17"

estree-walker@^2.0.2:
  version "2.0.2"
  resolved "https://artifactory.fpprod.corp:443/artifactory/api/npm/virtual-node/estree-walker/-/estree-walker-2.0.2.tgz#52f010178c2a4c117a7757cfe942adb7d2da4cac"
  integrity sha1-UvAQF4wqTBF6d1fP6UKtt9LaTKw=

estree-walker@^3.0.2:
  version "3.0.3"
  resolved "https://artifactory.fpprod.corp:443/artifactory/api/npm/virtual-node/estree-walker/-/estree-walker-3.0.3.tgz#67c3e549ec402a487b4fc193d1953a524752340d"
  integrity sha1-Z8PlSexAKkh7T8GT0ZU6UkdSNA0=
  dependencies:
    "@types/estree" "^1.0.0"

fsevents@~2.3.2:
  version "2.3.2"
  resolved "https://artifactory.fpprod.corp:443/artifactory/api/npm/virtual-node/fsevents/-/fsevents-2.3.2.tgz#8a526f78b8fdf4623b709e0b975c52c24c02fd1a"
  integrity sha1-ilJveLj99GI7cJ4Ll1xSwkwC/Ro=

function-bind@^1.1.1:
  version "1.1.1"
  resolved "https://artifactory.fpprod.corp:443/artifactory/api/npm/virtual-node/function-bind/-/function-bind-1.1.1.tgz#a56899d3ea3c9bab874bb9773b7c5ede92f4895d"
  integrity sha1-pWiZ0+o8m6uHS7l3O3xe3pL0iV0=

has@^1.0.3:
  version "1.0.3"
  resolved "https://artifactory.fpprod.corp:443/artifactory/api/npm/virtual-node/has/-/has-1.0.3.tgz#722d7cbfc1f6aa8241f16dd814e011e1f41e8796"
  integrity sha1-ci18v8H2qoJB8W3YFOAR4fQeh5Y=
  dependencies:
    function-bind "^1.1.1"

he@^1.2.0:
  version "1.2.0"
  resolved "https://artifactory.fpprod.corp:443/artifactory/api/npm/virtual-node/he/-/he-1.2.0.tgz#84ae65fa7eafb165fddb61566ae14baf05664f0f"
  integrity sha1-hK5l+n6vsWX922FWauFLrwVmTw8=

is-core-module@^2.9.0:
  version "2.11.0"
  resolved "https://artifactory.fpprod.corp:443/artifactory/api/npm/virtual-node/is-core-module/-/is-core-module-2.11.0.tgz#ad4cb3e3863e814523c96f3f58d26cc570ff0144"
  integrity sha1-rUyz44Y+gUUjyW8/WNJsxXD/AUQ=
  dependencies:
    has "^1.0.3"

magic-string@^0.25.7:
  version "0.25.9"
  resolved "https://artifactory.fpprod.corp:443/artifactory/api/npm/virtual-node/magic-string/-/magic-string-0.25.9.tgz#de7f9faf91ef8a1c91d02c2e5314c8277dbcdd1c"
  integrity sha1-3n+fr5HvihyR0CwuUxTIJ3283Rw=
  dependencies:
    sourcemap-codec "^1.4.8"

magic-string@^0.27.0:
  version "0.27.0"
  resolved "https://artifactory.fpprod.corp:443/artifactory/api/npm/virtual-node/magic-string/-/magic-string-0.27.0.tgz#e4a3413b4bab6d98d2becffd48b4a257effdbbf3"
  integrity sha1-5KNBO0urbZjSvs/9SLSiV+/9u/M=
  dependencies:
    "@jridgewell/sourcemap-codec" "^1.4.13"

minimatch@^5.1.1:
  version "5.1.6"
  resolved "https://artifactory.fpprod.corp:443/artifactory/api/npm/virtual-node/minimatch/-/minimatch-5.1.6.tgz#1cfcb8cf5522ea69952cd2af95ae09477f122a96"
  integrity sha1-HPy4z1Ui6mmVLNKvla4JR38SKpY=
  dependencies:
    brace-expansion "^2.0.1"

muggle-string@^0.1.0:
  version "0.1.0"
  resolved "https://artifactory.fpprod.corp:443/artifactory/api/npm/virtual-node/muggle-string/-/muggle-string-0.1.0.tgz#1fda8a281c8b27bb8b70466dbc9f27586a8baa6c"
  integrity sha1-H9qKKByLJ7uLcEZtvJ8nWGqLqmw=

nanoid@^3.3.4:
  version "3.3.4"
  resolved "https://artifactory.fpprod.corp:443/artifactory/api/npm/virtual-node/nanoid/-/nanoid-3.3.4.tgz#730b67e3cd09e2deacf03c027c81c9d9dbc5e8ab"
  integrity sha1-cwtn480J4t6s8DwCfIHJ2dvF6Ks=

path-parse@^1.0.7:
  version "1.0.7"
  resolved "https://artifactory.fpprod.corp:443/artifactory/api/npm/virtual-node/path-parse/-/path-parse-1.0.7.tgz#fbc114b60ca42b30d9daf5858e4bd68bbedb6735"
  integrity sha1-+8EUtgykKzDZ2vWFjkvWi77bZzU=

picocolors@^1.0.0:
  version "1.0.0"
  resolved "https://artifactory.fpprod.corp:443/artifactory/api/npm/virtual-node/picocolors/-/picocolors-1.0.0.tgz#cb5bdc74ff3f51892236eaf79d68bc44564ab81c"
  integrity sha1-y1vcdP8/UYkiNur3nWi8RFZKuBw=

postcss@^8.1.10, postcss@^8.4.14, postcss@^8.4.21:
  version "8.4.21"
  resolved "https://artifactory.fpprod.corp:443/artifactory/api/npm/virtual-node/postcss/-/postcss-8.4.21.tgz#c639b719a57efc3187b13a1d765675485f4134f4"
  integrity sha1-xjm3GaV+/DGHsToddlZ1SF9BNPQ=
  dependencies:
    nanoid "^3.3.4"
    picocolors "^1.0.0"
    source-map-js "^1.0.2"

resolve@^1.22.1:
  version "1.22.1"
  resolved "https://artifactory.fpprod.corp:443/artifactory/api/npm/virtual-node/resolve/-/resolve-1.22.1.tgz#27cb2ebb53f91abb49470a928bba7558066ac177"
  integrity sha1-J8suu1P5GrtJRwqSi7p1WAZqwXc=
  dependencies:
    is-core-module "^2.9.0"
    path-parse "^1.0.7"
    supports-preserve-symlinks-flag "^1.0.0"

rollup@^3.10.0:
  version "3.14.0"
  resolved "https://artifactory.fpprod.corp:443/artifactory/api/npm/virtual-node/rollup/-/rollup-3.14.0.tgz#f5925255f3b6e8de1dba3916d7619c7da5708d95"
  integrity sha1-9ZJSVfO26N4dujkW12GcfaVwjZU=
  optionalDependencies:
    fsevents "~2.3.2"

source-map-js@^1.0.2:
  version "1.0.2"
  resolved "https://artifactory.fpprod.corp:443/artifactory/api/npm/virtual-node/source-map-js/-/source-map-js-1.0.2.tgz#adbc361d9c62df380125e7f161f71c826f1e490c"
  integrity sha1-rbw2HZxi3zgBJefxYfccgm8eSQw=

source-map@^0.6.1:
  version "0.6.1"
  resolved "https://artifactory.fpprod.corp:443/artifactory/api/npm/virtual-node/source-map/-/source-map-0.6.1.tgz#74722af32e9614e9c287a8d0bbde48b5e2f1a263"
  integrity sha1-dHIq8y6WFOnCh6jQu95IteLxomM=

sourcemap-codec@^1.4.8:
  version "1.4.8"
  resolved "https://artifactory.fpprod.corp:443/artifactory/api/npm/virtual-node/sourcemap-codec/-/sourcemap-codec-1.4.8.tgz#ea804bd94857402e6992d05a38ef1ae35a9ab4c4"
  integrity sha1-6oBL2UhXQC5pktBaOO8a41qatMQ=

supports-preserve-symlinks-flag@^1.0.0:
  version "1.0.0"
  resolved "https://artifactory.fpprod.corp:443/artifactory/api/npm/virtual-node/supports-preserve-symlinks-flag/-/supports-preserve-symlinks-flag-1.0.0.tgz#6eda4bd344a3c94aea376d4cc31bc77311039e09"
  integrity sha1-btpL00SjyUrqN21MwxvHcxEDngk=

typescript@^4.9.3:
  version "4.9.5"
  resolved "https://artifactory.fpprod.corp:443/artifactory/api/npm/virtual-node/typescript/-/typescript-4.9.5.tgz#095979f9bcc0d09da324d58d03ce8f8374cbe65a"
  integrity sha1-CVl5+bzA0J2jJNWNA86Pg3TL5lo=

vite@^4.0.3:
  version "4.1.1"
  resolved "https://artifactory.fpprod.corp:443/artifactory/api/npm/virtual-node/vite/-/vite-4.1.1.tgz#3b18b81a4e85ce3df5cbdbf4c687d93ebf402e6b"
  integrity sha1-Oxi4Gk6Fzj31y9v0xofZPr9ALms=
  dependencies:
    esbuild "^0.16.14"
    postcss "^8.4.21"
    resolve "^1.22.1"
    rollup "^3.10.0"
  optionalDependencies:
    fsevents "~2.3.2"

vue-class-component@^7.0.2, vue-class-component@^7.1.0:
  version "7.2.6"
  resolved "https://artifactory.fpprod.corp:443/artifactory/api/npm/virtual-node/vue-class-component/-/vue-class-component-7.2.6.tgz#8471e037b8e4762f5a464686e19e5afc708502e4"
  integrity sha1-hHHgN7jkdi9aRkaG4Z5a/HCFAuQ=

vue-property-decorator@^8.1.0:
  version "8.5.1"
  resolved "https://artifactory.fpprod.corp:443/artifactory/api/npm/virtual-node/vue-property-decorator/-/vue-property-decorator-8.5.1.tgz#571a91cf8d2b507f537d79bf8275af3184572fff"
  integrity sha1-VxqRz40rUH9TfXm/gnWvMYRXL/8=
  dependencies:
    vue-class-component "^7.1.0"

vue-template-compiler@^2.7.14:
  version "2.7.14"
  resolved "https://artifactory.fpprod.corp:443/artifactory/api/npm/virtual-node/vue-template-compiler/-/vue-template-compiler-2.7.14.tgz#4545b7dfb88090744c1577ae5ac3f964e61634b1"
  integrity sha1-RUW337iAkHRMFXeuWsP5ZOYWNLE=
  dependencies:
    de-indent "^1.0.2"
    he "^1.2.0"

vue-tsc@^1.0.24:
  version "1.0.24"
  resolved "https://artifactory.fpprod.corp:443/artifactory/api/npm/virtual-node/vue-tsc/-/vue-tsc-1.0.24.tgz#c0b270a7c8422408d3b6694fee61b39a4b9e4740"
  integrity sha1-wLJwp8hCJAjTtmlP7mGzmkueR0A=
  dependencies:
    "@volar/vue-language-core" "1.0.24"
    "@volar/vue-typescript" "1.0.24"

vue@^2.7.14:
  version "2.7.14"
  resolved "https://artifactory.fpprod.corp:443/artifactory/api/npm/virtual-node/vue/-/vue-2.7.14.tgz#3743dcd248fd3a34d421ae456b864a0246bafb17"
  integrity sha1-N0Pc0kj9OjTUIa5Fa4ZKAka6+xc=
  dependencies:
    "@vue/compiler-sfc" "2.7.14"
    csstype "^3.1.0"
